// !$*UTF8*$!
{
	archiveVersion = 1;
	classes = {
	};
	objectVersion = 46;
	objects = {

/* Begin PBXBuildFile section */
		398EB796BDA45CF710821128 /* libPods-AnimationDome.a in Frameworks */ = {isa = PBXBuildFile; fileRef = 083A1B57069E9BCAEDB1FDC4 /* libPods-AnimationDome.a */; };
		AE1091091D05B7C70086CFC8 /* ArrayDataSource.m in Sources */ = {isa = PBXBuildFile; fileRef = AE1091081D05B7C70086CFC8 /* ArrayDataSource.m */; };
		AE10910D1D05BEEE0086CFC8 /* LeftViewCell.m in Sources */ = {isa = PBXBuildFile; fileRef = AE10910B1D05BEEE0086CFC8 /* LeftViewCell.m */; };
		AE10910E1D05BEEE0086CFC8 /* LeftViewCell.xib in Resources */ = {isa = PBXBuildFile; fileRef = AE10910C1D05BEEE0086CFC8 /* LeftViewCell.xib */; };
		AE1091111D05C1F40086CFC8 /* LeftViewCell+ItemConfigureForCell.m in Sources */ = {isa = PBXBuildFile; fileRef = AE1091101D05C1F40086CFC8 /* LeftViewCell+ItemConfigureForCell.m */; };
		AE3CDED01CFD60880051ECA2 /* main.m in Sources */ = {isa = PBXBuildFile; fileRef = AE3CDECF1CFD60880051ECA2 /* main.m */; };
		AE3CDED31CFD60880051ECA2 /* AppDelegate.m in Sources */ = {isa = PBXBuildFile; fileRef = AE3CDED21CFD60880051ECA2 /* AppDelegate.m */; };
		AE3CDED91CFD60880051ECA2 /* Main.storyboard in Resources */ = {isa = PBXBuildFile; fileRef = AE3CDED71CFD60880051ECA2 /* Main.storyboard */; };
		AE3CDEDB1CFD60880051ECA2 /* Assets.xcassets in Resources */ = {isa = PBXBuildFile; fileRef = AE3CDEDA1CFD60880051ECA2 /* Assets.xcassets */; };
		AE3CDEDE1CFD60880051ECA2 /* LaunchScreen.storyboard in Resources */ = {isa = PBXBuildFile; fileRef = AE3CDEDC1CFD60880051ECA2 /* LaunchScreen.storyboard */; };
		AE3CDEE91CFD60880051ECA2 /* AnimationDomeTests.m in Sources */ = {isa = PBXBuildFile; fileRef = AE3CDEE81CFD60880051ECA2 /* AnimationDomeTests.m */; };
		AE3CDEF41CFD60880051ECA2 /* AnimationDomeUITests.m in Sources */ = {isa = PBXBuildFile; fileRef = AE3CDEF31CFD60880051ECA2 /* AnimationDomeUITests.m */; };
		AE3CDF031CFFBC840051ECA2 /* LeftViewController.m in Sources */ = {isa = PBXBuildFile; fileRef = AE3CDF021CFFBC840051ECA2 /* LeftViewController.m */; };
		AE3CDF081CFFCDBC0051ECA2 /* CALayerViewController.m in Sources */ = {isa = PBXBuildFile; fileRef = AE3CDF071CFFCDBC0051ECA2 /* CALayerViewController.m */; };
		AE3CDF101CFFD8920051ECA2 /* BaseNavigationController.m in Sources */ = {isa = PBXBuildFile; fileRef = AE3CDF0F1CFFD8920051ECA2 /* BaseNavigationController.m */; };
		AE7BE90B1D07DEDA00903F75 /* GroupAnimationController.m in Sources */ = {isa = PBXBuildFile; fileRef = AE7BE90A1D07DEDA00903F75 /* GroupAnimationController.m */; };
		AE7BE90F1D07EDE400903F75 /* FadeAnimationController.m in Sources */ = {isa = PBXBuildFile; fileRef = AE7BE90E1D07EDE400903F75 /* FadeAnimationController.m */; };
		AE7BE9131D080EAB00903F75 /* AffineAnimationController.m in Sources */ = {isa = PBXBuildFile; fileRef = AE7BE9121D080EAB00903F75 /* AffineAnimationController.m */; };
		AE7BE9191D0819C100903F75 /* ViewController.m in Sources */ = {isa = PBXBuildFile; fileRef = AE7BE9181D0819C100903F75 /* ViewController.m */; };
		AECEB8181D06A77200867ED8 /* BaseViewController.m in Sources */ = {isa = PBXBuildFile; fileRef = AECEB8171D06A77200867ED8 /* BaseViewController.m */; };
		AECEB81C1D06B67900867ED8 /* TitleButton.m in Sources */ = {isa = PBXBuildFile; fileRef = AECEB81B1D06B67900867ED8 /* TitleButton.m */; };
		AEEAAC361D0D5A2200B1CB3B /* UIImage+ConnerRadousUIImage.m in Sources */ = {isa = PBXBuildFile; fileRef = AEEAAC351D0D5A2200B1CB3B /* UIImage+ConnerRadousUIImage.m */; };
		AEEAAC3A1D0ED47500B1CB3B /* ComplexAnimation.m in Sources */ = {isa = PBXBuildFile; fileRef = AEEAAC391D0ED47500B1CB3B /* ComplexAnimation.m */; };
		AEEAAC3E1D0ED8B400B1CB3B /* SaiZiBaseView.m in Sources */ = {isa = PBXBuildFile; fileRef = AEEAAC3D1D0ED8B400B1CB3B /* SaiZiBaseView.m */; };
/* End PBXBuildFile section */

/* Begin PBXContainerItemProxy section */
		AE3CDEE51CFD60880051ECA2 /* PBXContainerItemProxy */ = {
			isa = PBXContainerItemProxy;
			containerPortal = AE3CDEC31CFD60880051ECA2 /* Project object */;
			proxyType = 1;
			remoteGlobalIDString = AE3CDECA1CFD60880051ECA2;
			remoteInfo = AnimationDome;
		};
		AE3CDEF01CFD60880051ECA2 /* PBXContainerItemProxy */ = {
			isa = PBXContainerItemProxy;
			containerPortal = AE3CDEC31CFD60880051ECA2 /* Project object */;
			proxyType = 1;
			remoteGlobalIDString = AE3CDECA1CFD60880051ECA2;
			remoteInfo = AnimationDome;
		};
/* End PBXContainerItemProxy section */

/* Begin PBXFileReference section */
		083A1B57069E9BCAEDB1FDC4 /* libPods-AnimationDome.a */ = {isa = PBXFileReference; explicitFileType = archive.ar; includeInIndex = 0; path = "libPods-AnimationDome.a"; sourceTree = BUILT_PRODUCTS_DIR; };
		826BAC2026B07F9F3956BE3B /* Pods-AnimationDome.debug.xcconfig */ = {isa = PBXFileReference; includeInIndex = 1; lastKnownFileType = text.xcconfig; name = "Pods-AnimationDome.debug.xcconfig"; path = "Pods/Target Support Files/Pods-AnimationDome/Pods-AnimationDome.debug.xcconfig"; sourceTree = "<group>"; };
		AE1091071D05B7C70086CFC8 /* ArrayDataSource.h */ = {isa = PBXFileReference; fileEncoding = 4; lastKnownFileType = sourcecode.c.h; name = ArrayDataSource.h; path = Base/TableDataSource/ArrayDataSource.h; sourceTree = "<group>"; };
		AE1091081D05B7C70086CFC8 /* ArrayDataSource.m */ = {isa = PBXFileReference; fileEncoding = 4; lastKnownFileType = sourcecode.c.objc; name = ArrayDataSource.m; path = Base/TableDataSource/ArrayDataSource.m; sourceTree = "<group>"; };
		AE10910A1D05BEEE0086CFC8 /* LeftViewCell.h */ = {isa = PBXFileReference; fileEncoding = 4; lastKnownFileType = sourcecode.c.h; name = LeftViewCell.h; path = View/LeftViewControllerCell/LeftViewCell.h; sourceTree = "<group>"; };
		AE10910B1D05BEEE0086CFC8 /* LeftViewCell.m */ = {isa = PBXFileReference; fileEncoding = 4; lastKnownFileType = sourcecode.c.objc; name = LeftViewCell.m; path = View/LeftViewControllerCell/LeftViewCell.m; sourceTree = "<group>"; };
		AE10910C1D05BEEE0086CFC8 /* LeftViewCell.xib */ = {isa = PBXFileReference; fileEncoding = 4; lastKnownFileType = file.xib; name = LeftViewCell.xib; path = View/LeftViewControllerCell/LeftViewCell.xib; sourceTree = "<group>"; };
		AE10910F1D05C1F40086CFC8 /* LeftViewCell+ItemConfigureForCell.h */ = {isa = PBXFileReference; fileEncoding = 4; lastKnownFileType = sourcecode.c.h; name = "LeftViewCell+ItemConfigureForCell.h"; path = "View/LeftViewControllerCell/LeftViewCell+ItemConfigureForCell.h"; sourceTree = "<group>"; };
		AE1091101D05C1F40086CFC8 /* LeftViewCell+ItemConfigureForCell.m */ = {isa = PBXFileReference; fileEncoding = 4; lastKnownFileType = sourcecode.c.objc; name = "LeftViewCell+ItemConfigureForCell.m"; path = "View/LeftViewControllerCell/LeftViewCell+ItemConfigureForCell.m"; sourceTree = "<group>"; };
		AE3CDECB1CFD60880051ECA2 /* AnimationDome.app */ = {isa = PBXFileReference; explicitFileType = wrapper.application; includeInIndex = 0; path = AnimationDome.app; sourceTree = BUILT_PRODUCTS_DIR; };
		AE3CDECF1CFD60880051ECA2 /* main.m */ = {isa = PBXFileReference; lastKnownFileType = sourcecode.c.objc; path = main.m; sourceTree = "<group>"; };
		AE3CDED11CFD60880051ECA2 /* AppDelegate.h */ = {isa = PBXFileReference; lastKnownFileType = sourcecode.c.h; path = AppDelegate.h; sourceTree = "<group>"; };
		AE3CDED21CFD60880051ECA2 /* AppDelegate.m */ = {isa = PBXFileReference; lastKnownFileType = sourcecode.c.objc; path = AppDelegate.m; sourceTree = "<group>"; };
		AE3CDED81CFD60880051ECA2 /* Base */ = {isa = PBXFileReference; lastKnownFileType = file.storyboard; name = Base; path = Base.lproj/Main.storyboard; sourceTree = "<group>"; };
		AE3CDEDA1CFD60880051ECA2 /* Assets.xcassets */ = {isa = PBXFileReference; lastKnownFileType = folder.assetcatalog; path = Assets.xcassets; sourceTree = "<group>"; };
		AE3CDEDD1CFD60880051ECA2 /* Base */ = {isa = PBXFileReference; lastKnownFileType = file.storyboard; name = Base; path = Base.lproj/LaunchScreen.storyboard; sourceTree = "<group>"; };
		AE3CDEDF1CFD60880051ECA2 /* Info.plist */ = {isa = PBXFileReference; lastKnownFileType = text.plist.xml; path = Info.plist; sourceTree = "<group>"; };
		AE3CDEE41CFD60880051ECA2 /* AnimationDomeTests.xctest */ = {isa = PBXFileReference; explicitFileType = wrapper.cfbundle; includeInIndex = 0; path = AnimationDomeTests.xctest; sourceTree = BUILT_PRODUCTS_DIR; };
		AE3CDEE81CFD60880051ECA2 /* AnimationDomeTests.m */ = {isa = PBXFileReference; lastKnownFileType = sourcecode.c.objc; path = AnimationDomeTests.m; sourceTree = "<group>"; };
		AE3CDEEA1CFD60880051ECA2 /* Info.plist */ = {isa = PBXFileReference; lastKnownFileType = text.plist.xml; path = Info.plist; sourceTree = "<group>"; };
		AE3CDEEF1CFD60880051ECA2 /* AnimationDomeUITests.xctest */ = {isa = PBXFileReference; explicitFileType = wrapper.cfbundle; includeInIndex = 0; path = AnimationDomeUITests.xctest; sourceTree = BUILT_PRODUCTS_DIR; };
		AE3CDEF31CFD60880051ECA2 /* AnimationDomeUITests.m */ = {isa = PBXFileReference; lastKnownFileType = sourcecode.c.objc; path = AnimationDomeUITests.m; sourceTree = "<group>"; };
		AE3CDEF51CFD60880051ECA2 /* Info.plist */ = {isa = PBXFileReference; lastKnownFileType = text.plist.xml; path = Info.plist; sourceTree = "<group>"; };
		AE3CDF011CFFBC840051ECA2 /* LeftViewController.h */ = {isa = PBXFileReference; fileEncoding = 4; lastKnownFileType = sourcecode.c.h; name = LeftViewController.h; path = View/LeftViewController.h; sourceTree = "<group>"; };
		AE3CDF021CFFBC840051ECA2 /* LeftViewController.m */ = {isa = PBXFileReference; fileEncoding = 4; lastKnownFileType = sourcecode.c.objc; name = LeftViewController.m; path = View/LeftViewController.m; sourceTree = "<group>"; };
		AE3CDF051CFFC9C90051ECA2 /* Animation-PrefixHeader.pch */ = {isa = PBXFileReference; lastKnownFileType = sourcecode.c.h; path = "Animation-PrefixHeader.pch"; sourceTree = "<group>"; };
		AE3CDF061CFFCDBC0051ECA2 /* CALayerViewController.h */ = {isa = PBXFileReference; fileEncoding = 4; lastKnownFileType = sourcecode.c.h; name = CALayerViewController.h; path = View/CALayerView/CALayerViewController.h; sourceTree = "<group>"; };
		AE3CDF071CFFCDBC0051ECA2 /* CALayerViewController.m */ = {isa = PBXFileReference; fileEncoding = 4; lastKnownFileType = sourcecode.c.objc; name = CALayerViewController.m; path = View/CALayerView/CALayerViewController.m; sourceTree = "<group>"; };
		AE3CDF0E1CFFD8920051ECA2 /* BaseNavigationController.h */ = {isa = PBXFileReference; fileEncoding = 4; lastKnownFileType = sourcecode.c.h; name = BaseNavigationController.h; path = Base/Controller/BaseNavigationController.h; sourceTree = "<group>"; };
		AE3CDF0F1CFFD8920051ECA2 /* BaseNavigationController.m */ = {isa = PBXFileReference; fileEncoding = 4; lastKnownFileType = sourcecode.c.objc; name = BaseNavigationController.m; path = Base/Controller/BaseNavigationController.m; sourceTree = "<group>"; };
		AE7BE9091D07DEDA00903F75 /* GroupAnimationController.h */ = {isa = PBXFileReference; fileEncoding = 4; lastKnownFileType = sourcecode.c.h; name = GroupAnimationController.h; path = View/GroupAnimationView/GroupAnimationController.h; sourceTree = "<group>"; };
		AE7BE90A1D07DEDA00903F75 /* GroupAnimationController.m */ = {isa = PBXFileReference; fileEncoding = 4; lastKnownFileType = sourcecode.c.objc; name = GroupAnimationController.m; path = View/GroupAnimationView/GroupAnimationController.m; sourceTree = "<group>"; };
		AE7BE90D1D07EDE400903F75 /* FadeAnimationController.h */ = {isa = PBXFileReference; fileEncoding = 4; lastKnownFileType = sourcecode.c.h; name = FadeAnimationController.h; path = View/FadeAnimationView/FadeAnimationController.h; sourceTree = "<group>"; };
		AE7BE90E1D07EDE400903F75 /* FadeAnimationController.m */ = {isa = PBXFileReference; fileEncoding = 4; lastKnownFileType = sourcecode.c.objc; name = FadeAnimationController.m; path = View/FadeAnimationView/FadeAnimationController.m; sourceTree = "<group>"; };
		AE7BE9111D080EAB00903F75 /* AffineAnimationController.h */ = {isa = PBXFileReference; fileEncoding = 4; lastKnownFileType = sourcecode.c.h; name = AffineAnimationController.h; path = View/AffineAnimationView/AffineAnimationController.h; sourceTree = "<group>"; };
		AE7BE9121D080EAB00903F75 /* AffineAnimationController.m */ = {isa = PBXFileReference; fileEncoding = 4; lastKnownFileType = sourcecode.c.objc; name = AffineAnimationController.m; path = View/AffineAnimationView/AffineAnimationController.m; sourceTree = "<group>"; };
		AE7BE9171D0819C100903F75 /* ViewController.h */ = {isa = PBXFileReference; fileEncoding = 4; lastKnownFileType = sourcecode.c.h; name = ViewController.h; path = View/BaseAnimationViw/ViewController.h; sourceTree = "<group>"; };
		AE7BE9181D0819C100903F75 /* ViewController.m */ = {isa = PBXFileReference; fileEncoding = 4; lastKnownFileType = sourcecode.c.objc; name = ViewController.m; path = View/BaseAnimationViw/ViewController.m; sourceTree = "<group>"; };
		AECEB8161D06A77200867ED8 /* BaseViewController.h */ = {isa = PBXFileReference; fileEncoding = 4; lastKnownFileType = sourcecode.c.h; name = BaseViewController.h; path = Base/BaseViewController/BaseViewController.h; sourceTree = "<group>"; };
		AECEB8171D06A77200867ED8 /* BaseViewController.m */ = {isa = PBXFileReference; fileEncoding = 4; lastKnownFileType = sourcecode.c.objc; name = BaseViewController.m; path = Base/BaseViewController/BaseViewController.m; sourceTree = "<group>"; };
		AECEB81A1D06B67900867ED8 /* TitleButton.h */ = {isa = PBXFileReference; fileEncoding = 4; lastKnownFileType = sourcecode.c.h; name = TitleButton.h; path = Base/BaseButton/TitleButton.h; sourceTree = "<group>"; };
		AECEB81B1D06B67900867ED8 /* TitleButton.m */ = {isa = PBXFileReference; fileEncoding = 4; lastKnownFileType = sourcecode.c.objc; name = TitleButton.m; path = Base/BaseButton/TitleButton.m; sourceTree = "<group>"; };
		AEEAAC341D0D5A2200B1CB3B /* UIImage+ConnerRadousUIImage.h */ = {isa = PBXFileReference; fileEncoding = 4; lastKnownFileType = sourcecode.c.h; name = "UIImage+ConnerRadousUIImage.h"; path = "Utilty/CornerRadious/UIImage+ConnerRadousUIImage.h"; sourceTree = "<group>"; };
		AEEAAC351D0D5A2200B1CB3B /* UIImage+ConnerRadousUIImage.m */ = {isa = PBXFileReference; fileEncoding = 4; lastKnownFileType = sourcecode.c.objc; name = "UIImage+ConnerRadousUIImage.m"; path = "Utilty/CornerRadious/UIImage+ConnerRadousUIImage.m"; sourceTree = "<group>"; };
		AEEAAC381D0ED47500B1CB3B /* ComplexAnimation.h */ = {isa = PBXFileReference; fileEncoding = 4; lastKnownFileType = sourcecode.c.h; name = ComplexAnimation.h; path = View/ComplexAnimation/ComplexAnimation.h; sourceTree = "<group>"; };
		AEEAAC391D0ED47500B1CB3B /* ComplexAnimation.m */ = {isa = PBXFileReference; fileEncoding = 4; lastKnownFileType = sourcecode.c.objc; name = ComplexAnimation.m; path = View/ComplexAnimation/ComplexAnimation.m; sourceTree = "<group>"; };
		AEEAAC3C1D0ED8B400B1CB3B /* SaiZiBaseView.h */ = {isa = PBXFileReference; fileEncoding = 4; lastKnownFileType = sourcecode.c.h; name = SaiZiBaseView.h; path = Base/BaseView/SaiZiBaseView.h; sourceTree = "<group>"; };
		AEEAAC3D1D0ED8B400B1CB3B /* SaiZiBaseView.m */ = {isa = PBXFileReference; fileEncoding = 4; lastKnownFileType = sourcecode.c.objc; name = SaiZiBaseView.m; path = Base/BaseView/SaiZiBaseView.m; sourceTree = "<group>"; };
		C12729BBB0FB1879BF79AAC6 /* Pods-AnimationDome.release.xcconfig */ = {isa = PBXFileReference; includeInIndex = 1; lastKnownFileType = text.xcconfig; name = "Pods-AnimationDome.release.xcconfig"; path = "Pods/Target Support Files/Pods-AnimationDome/Pods-AnimationDome.release.xcconfig"; sourceTree = "<group>"; };
/* End PBXFileReference section */

/* Begin PBXFrameworksBuildPhase section */
		AE3CDEC81CFD60880051ECA2 /* Frameworks */ = {
			isa = PBXFrameworksBuildPhase;
			buildActionMask = 2147483647;
			files = (
				398EB796BDA45CF710821128 /* libPods-AnimationDome.a in Frameworks */,
			);
			runOnlyForDeploymentPostprocessing = 0;
		};
		AE3CDEE11CFD60880051ECA2 /* Frameworks */ = {
			isa = PBXFrameworksBuildPhase;
			buildActionMask = 2147483647;
			files = (
			);
			runOnlyForDeploymentPostprocessing = 0;
		};
		AE3CDEEC1CFD60880051ECA2 /* Frameworks */ = {
			isa = PBXFrameworksBuildPhase;
			buildActionMask = 2147483647;
			files = (
			);
			runOnlyForDeploymentPostprocessing = 0;
		};
/* End PBXFrameworksBuildPhase section */

/* Begin PBXGroup section */
		0C26BE16E78CFC93E8559BD7 /* Pods */ = {
			isa = PBXGroup;
			children = (
				826BAC2026B07F9F3956BE3B /* Pods-AnimationDome.debug.xcconfig */,
				C12729BBB0FB1879BF79AAC6 /* Pods-AnimationDome.release.xcconfig */,
			);
			name = Pods;
			sourceTree = "<group>";
		};
		357335AF5BFE50DD101D5A2E /* Frameworks */ = {
			isa = PBXGroup;
			children = (
				083A1B57069E9BCAEDB1FDC4 /* libPods-AnimationDome.a */,
			);
			name = Frameworks;
			sourceTree = "<group>";
		};
		AE1091061D05B7620086CFC8 /* UITableViewData */ = {
			isa = PBXGroup;
			children = (
				AE10910A1D05BEEE0086CFC8 /* LeftViewCell.h */,
				AE10910B1D05BEEE0086CFC8 /* LeftViewCell.m */,
				AE10910C1D05BEEE0086CFC8 /* LeftViewCell.xib */,
				AE1091071D05B7C70086CFC8 /* ArrayDataSource.h */,
				AE1091081D05B7C70086CFC8 /* ArrayDataSource.m */,
				AE10910F1D05C1F40086CFC8 /* LeftViewCell+ItemConfigureForCell.h */,
				AE1091101D05C1F40086CFC8 /* LeftViewCell+ItemConfigureForCell.m */,
			);
			name = UITableViewData;
			sourceTree = "<group>";
		};
		AE3CDEC21CFD60880051ECA2 = {
			isa = PBXGroup;
			children = (
				AE3CDECD1CFD60880051ECA2 /* AnimationDome */,
				AE3CDEE71CFD60880051ECA2 /* AnimationDomeTests */,
				AE3CDEF21CFD60880051ECA2 /* AnimationDomeUITests */,
				AE3CDECC1CFD60880051ECA2 /* Products */,
				0C26BE16E78CFC93E8559BD7 /* Pods */,
				357335AF5BFE50DD101D5A2E /* Frameworks */,
			);
			sourceTree = "<group>";
		};
		AE3CDECC1CFD60880051ECA2 /* Products */ = {
			isa = PBXGroup;
			children = (
				AE3CDECB1CFD60880051ECA2 /* AnimationDome.app */,
				AE3CDEE41CFD60880051ECA2 /* AnimationDomeTests.xctest */,
				AE3CDEEF1CFD60880051ECA2 /* AnimationDomeUITests.xctest */,
			);
			name = Products;
			sourceTree = "<group>";
		};
		AE3CDECD1CFD60880051ECA2 /* AnimationDome */ = {
			isa = PBXGroup;
			children = (
				AEEAAC2F1D0D58C000B1CB3B /* Utily */,
				AE3CDF051CFFC9C90051ECA2 /* Animation-PrefixHeader.pch */,
				AE3CDF0A1CFFD8260051ECA2 /* Base */,
				AE3CDF041CFFBCA20051ECA2 /* View */,
				AE3CDED11CFD60880051ECA2 /* AppDelegate.h */,
				AE3CDED21CFD60880051ECA2 /* AppDelegate.m */,
				AE3CDED71CFD60880051ECA2 /* Main.storyboard */,
				AE3CDEDA1CFD60880051ECA2 /* Assets.xcassets */,
				AE3CDEDC1CFD60880051ECA2 /* LaunchScreen.storyboard */,
				AE3CDEDF1CFD60880051ECA2 /* Info.plist */,
				AE3CDECE1CFD60880051ECA2 /* Supporting Files */,
			);
			path = AnimationDome;
			sourceTree = "<group>";
		};
		AE3CDECE1CFD60880051ECA2 /* Supporting Files */ = {
			isa = PBXGroup;
			children = (
				AE3CDECF1CFD60880051ECA2 /* main.m */,
			);
			name = "Supporting Files";
			sourceTree = "<group>";
		};
		AE3CDEE71CFD60880051ECA2 /* AnimationDomeTests */ = {
			isa = PBXGroup;
			children = (
				AE3CDEE81CFD60880051ECA2 /* AnimationDomeTests.m */,
				AE3CDEEA1CFD60880051ECA2 /* Info.plist */,
			);
			path = AnimationDomeTests;
			sourceTree = "<group>";
		};
		AE3CDEF21CFD60880051ECA2 /* AnimationDomeUITests */ = {
			isa = PBXGroup;
			children = (
				AE3CDEF31CFD60880051ECA2 /* AnimationDomeUITests.m */,
				AE3CDEF51CFD60880051ECA2 /* Info.plist */,
			);
			path = AnimationDomeUITests;
			sourceTree = "<group>";
		};
		AE3CDF041CFFBCA20051ECA2 /* View */ = {
			isa = PBXGroup;
			children = (
				AEEAAC371D0ED3F700B1CB3B /* ComplexAnimation */,
				AE7BE9141D0818AC00903F75 /* BaseAnimation */,
				AE7BE9101D080E6900903F75 /* AffineAnimation */,
				AE7BE90C1D07ED9400903F75 /* FadeAnimation */,
				AE7BE9081D07DE6B00903F75 /* CroupAnimation */,
				AE3CDF091CFFCDC50051ECA2 /* CALayerView */,
				AE3CDF011CFFBC840051ECA2 /* LeftViewController.h */,
				AE3CDF021CFFBC840051ECA2 /* LeftViewController.m */,
			);
			name = View;
			sourceTree = "<group>";
		};
		AE3CDF091CFFCDC50051ECA2 /* CALayerView */ = {
			isa = PBXGroup;
			children = (
				AE3CDF061CFFCDBC0051ECA2 /* CALayerViewController.h */,
				AE3CDF071CFFCDBC0051ECA2 /* CALayerViewController.m */,
			);
			name = CALayerView;
			sourceTree = "<group>";
		};
		AE3CDF0A1CFFD8260051ECA2 /* Base */ = {
			isa = PBXGroup;
			children = (
				AEEAAC3B1D0ED7F500B1CB3B /* BaseView */,
				AECEB8191D06B63300867ED8 /* UIButton */,
				AECEB8121D065EF200867ED8 /* UIViewController */,
				AE1091061D05B7620086CFC8 /* UITableViewData */,
				AE3CDF111CFFD8980051ECA2 /* NavigationController */,
			);
			name = Base;
			sourceTree = "<group>";
		};
		AE3CDF111CFFD8980051ECA2 /* NavigationController */ = {
			isa = PBXGroup;
			children = (
				AE3CDF0E1CFFD8920051ECA2 /* BaseNavigationController.h */,
				AE3CDF0F1CFFD8920051ECA2 /* BaseNavigationController.m */,
			);
			name = NavigationController;
			sourceTree = "<group>";
		};
		AE7BE9081D07DE6B00903F75 /* CroupAnimation */ = {
			isa = PBXGroup;
			children = (
				AE7BE9091D07DEDA00903F75 /* GroupAnimationController.h */,
				AE7BE90A1D07DEDA00903F75 /* GroupAnimationController.m */,
			);
			name = CroupAnimation;
			sourceTree = "<group>";
		};
		AE7BE90C1D07ED9400903F75 /* FadeAnimation */ = {
			isa = PBXGroup;
			children = (
				AE7BE90D1D07EDE400903F75 /* FadeAnimationController.h */,
				AE7BE90E1D07EDE400903F75 /* FadeAnimationController.m */,
			);
			name = FadeAnimation;
			sourceTree = "<group>";
		};
		AE7BE9101D080E6900903F75 /* AffineAnimation */ = {
			isa = PBXGroup;
			children = (
				AE7BE9111D080EAB00903F75 /* AffineAnimationController.h */,
				AE7BE9121D080EAB00903F75 /* AffineAnimationController.m */,
			);
			name = AffineAnimation;
			sourceTree = "<group>";
		};
		AE7BE9141D0818AC00903F75 /* BaseAnimation */ = {
			isa = PBXGroup;
			children = (
				AE7BE9171D0819C100903F75 /* ViewController.h */,
				AE7BE9181D0819C100903F75 /* ViewController.m */,
			);
			name = BaseAnimation;
			sourceTree = "<group>";
		};
		AECEB8121D065EF200867ED8 /* UIViewController */ = {
			isa = PBXGroup;
			children = (
				AECEB8161D06A77200867ED8 /* BaseViewController.h */,
				AECEB8171D06A77200867ED8 /* BaseViewController.m */,
			);
			name = UIViewController;
			sourceTree = "<group>";
		};
		AECEB8191D06B63300867ED8 /* UIButton */ = {
			isa = PBXGroup;
			children = (
				AECEB81A1D06B67900867ED8 /* TitleButton.h */,
				AECEB81B1D06B67900867ED8 /* TitleButton.m */,
			);
			name = UIButton;
			sourceTree = "<group>";
		};
		AEEAAC2F1D0D58C000B1CB3B /* Utily */ = {
			isa = PBXGroup;
			children = (
				AEEAAC301D0D591C00B1CB3B /* CornerRadiusUIImage */,
			);
			name = Utily;
			sourceTree = "<group>";
		};
		AEEAAC301D0D591C00B1CB3B /* CornerRadiusUIImage */ = {
			isa = PBXGroup;
			children = (
				AEEAAC341D0D5A2200B1CB3B /* UIImage+ConnerRadousUIImage.h */,
				AEEAAC351D0D5A2200B1CB3B /* UIImage+ConnerRadousUIImage.m */,
			);
			name = CornerRadiusUIImage;
			sourceTree = "<group>";
		};
		AEEAAC371D0ED3F700B1CB3B /* ComplexAnimation */ = {
			isa = PBXGroup;
			children = (
				AEEAAC381D0ED47500B1CB3B /* ComplexAnimation.h */,
				AEEAAC391D0ED47500B1CB3B /* ComplexAnimation.m */,
			);
			name = ComplexAnimation;
			sourceTree = "<group>";
		};
		AEEAAC3B1D0ED7F500B1CB3B /* BaseView */ = {
			isa = PBXGroup;
			children = (
				AEEAAC3C1D0ED8B400B1CB3B /* SaiZiBaseView.h */,
				AEEAAC3D1D0ED8B400B1CB3B /* SaiZiBaseView.m */,
			);
			name = BaseView;
			sourceTree = "<group>";
		};
/* End PBXGroup section */

/* Begin PBXNativeTarget section */
		AE3CDECA1CFD60880051ECA2 /* AnimationDome */ = {
			isa = PBXNativeTarget;
			buildConfigurationList = AE3CDEF81CFD60880051ECA2 /* Build configuration list for PBXNativeTarget "AnimationDome" */;
			buildPhases = (
				205477E05A1E2FFDA5DFD424 /* 📦 Check Pods Manifest.lock */,
				AE3CDEC71CFD60880051ECA2 /* Sources */,
				AE3CDEC81CFD60880051ECA2 /* Frameworks */,
				AE3CDEC91CFD60880051ECA2 /* Resources */,
				329E83A1AAF4A8F8210203D2 /* 📦 Embed Pods Frameworks */,
				CAD623F4D9FB824E91DA5D46 /* 📦 Copy Pods Resources */,
			);
			buildRules = (
			);
			dependencies = (
			);
			name = AnimationDome;
			productName = AnimationDome;
			productReference = AE3CDECB1CFD60880051ECA2 /* AnimationDome.app */;
			productType = "com.apple.product-type.application";
		};
		AE3CDEE31CFD60880051ECA2 /* AnimationDomeTests */ = {
			isa = PBXNativeTarget;
			buildConfigurationList = AE3CDEFB1CFD60880051ECA2 /* Build configuration list for PBXNativeTarget "AnimationDomeTests" */;
			buildPhases = (
				AE3CDEE01CFD60880051ECA2 /* Sources */,
				AE3CDEE11CFD60880051ECA2 /* Frameworks */,
				AE3CDEE21CFD60880051ECA2 /* Resources */,
			);
			buildRules = (
			);
			dependencies = (
				AE3CDEE61CFD60880051ECA2 /* PBXTargetDependency */,
			);
			name = AnimationDomeTests;
			productName = AnimationDomeTests;
			productReference = AE3CDEE41CFD60880051ECA2 /* AnimationDomeTests.xctest */;
			productType = "com.apple.product-type.bundle.unit-test";
		};
		AE3CDEEE1CFD60880051ECA2 /* AnimationDomeUITests */ = {
			isa = PBXNativeTarget;
			buildConfigurationList = AE3CDEFE1CFD60880051ECA2 /* Build configuration list for PBXNativeTarget "AnimationDomeUITests" */;
			buildPhases = (
				AE3CDEEB1CFD60880051ECA2 /* Sources */,
				AE3CDEEC1CFD60880051ECA2 /* Frameworks */,
				AE3CDEED1CFD60880051ECA2 /* Resources */,
			);
			buildRules = (
			);
			dependencies = (
				AE3CDEF11CFD60880051ECA2 /* PBXTargetDependency */,
			);
			name = AnimationDomeUITests;
			productName = AnimationDomeUITests;
			productReference = AE3CDEEF1CFD60880051ECA2 /* AnimationDomeUITests.xctest */;
			productType = "com.apple.product-type.bundle.ui-testing";
		};
/* End PBXNativeTarget section */

/* Begin PBXProject section */
		AE3CDEC31CFD60880051ECA2 /* Project object */ = {
			isa = PBXProject;
			attributes = {
				LastUpgradeCheck = 0720;
				ORGANIZATIONNAME = liangbai;
				TargetAttributes = {
					AE3CDECA1CFD60880051ECA2 = {
						CreatedOnToolsVersion = 7.2.1;
					};
					AE3CDEE31CFD60880051ECA2 = {
						CreatedOnToolsVersion = 7.2.1;
						TestTargetID = AE3CDECA1CFD60880051ECA2;
					};
					AE3CDEEE1CFD60880051ECA2 = {
						CreatedOnToolsVersion = 7.2.1;
						TestTargetID = AE3CDECA1CFD60880051ECA2;
					};
				};
			};
			buildConfigurationList = AE3CDEC61CFD60880051ECA2 /* Build configuration list for PBXProject "AnimationDome" */;
			compatibilityVersion = "Xcode 3.2";
			developmentRegion = English;
			hasScannedForEncodings = 0;
			knownRegions = (
				en,
				Base,
			);
			mainGroup = AE3CDEC21CFD60880051ECA2;
			productRefGroup = AE3CDECC1CFD60880051ECA2 /* Products */;
			projectDirPath = "";
			projectRoot = "";
			targets = (
				AE3CDECA1CFD60880051ECA2 /* AnimationDome */,
				AE3CDEE31CFD60880051ECA2 /* AnimationDomeTests */,
				AE3CDEEE1CFD60880051ECA2 /* AnimationDomeUITests */,
			);
		};
/* End PBXProject section */

/* Begin PBXResourcesBuildPhase section */
		AE3CDEC91CFD60880051ECA2 /* Resources */ = {
			isa = PBXResourcesBuildPhase;
			buildActionMask = 2147483647;
			files = (
				AE3CDEDE1CFD60880051ECA2 /* LaunchScreen.storyboard in Resources */,
				AE3CDEDB1CFD60880051ECA2 /* Assets.xcassets in Resources */,
				AE3CDED91CFD60880051ECA2 /* Main.storyboard in Resources */,
				AE10910E1D05BEEE0086CFC8 /* LeftViewCell.xib in Resources */,
			);
			runOnlyForDeploymentPostprocessing = 0;
		};
		AE3CDEE21CFD60880051ECA2 /* Resources */ = {
			isa = PBXResourcesBuildPhase;
			buildActionMask = 2147483647;
			files = (
			);
			runOnlyForDeploymentPostprocessing = 0;
		};
		AE3CDEED1CFD60880051ECA2 /* Resources */ = {
			isa = PBXResourcesBuildPhase;
			buildActionMask = 2147483647;
			files = (
			);
			runOnlyForDeploymentPostprocessing = 0;
		};
/* End PBXResourcesBuildPhase section */

/* Begin PBXShellScriptBuildPhase section */
		205477E05A1E2FFDA5DFD424 /* 📦 Check Pods Manifest.lock */ = {
			isa = PBXShellScriptBuildPhase;
			buildActionMask = 2147483647;
			files = (
			);
			inputPaths = (
			);
			name = "📦 Check Pods Manifest.lock";
			outputPaths = (
			);
			runOnlyForDeploymentPostprocessing = 0;
			shellPath = /bin/sh;
			shellScript = "diff \"${PODS_ROOT}/../Podfile.lock\" \"${PODS_ROOT}/Manifest.lock\" > /dev/null\nif [[ $? != 0 ]] ; then\n    cat << EOM\nerror: The sandbox is not in sync with the Podfile.lock. Run 'pod install' or update your CocoaPods installation.\nEOM\n    exit 1\nfi\n";
			showEnvVarsInLog = 0;
		};
		329E83A1AAF4A8F8210203D2 /* 📦 Embed Pods Frameworks */ = {
			isa = PBXShellScriptBuildPhase;
			buildActionMask = 2147483647;
			files = (
			);
			inputPaths = (
			);
			name = "📦 Embed Pods Frameworks";
			outputPaths = (
			);
			runOnlyForDeploymentPostprocessing = 0;
			shellPath = /bin/sh;
			shellScript = "\"${SRCROOT}/Pods/Target Support Files/Pods-AnimationDome/Pods-AnimationDome-frameworks.sh\"\n";
			showEnvVarsInLog = 0;
		};
		CAD623F4D9FB824E91DA5D46 /* 📦 Copy Pods Resources */ = {
			isa = PBXShellScriptBuildPhase;
			buildActionMask = 2147483647;
			files = (
			);
			inputPaths = (
			);
			name = "📦 Copy Pods Resources";
			outputPaths = (
			);
			runOnlyForDeploymentPostprocessing = 0;
			shellPath = /bin/sh;
			shellScript = "\"${SRCROOT}/Pods/Target Support Files/Pods-AnimationDome/Pods-AnimationDome-resources.sh\"\n";
			showEnvVarsInLog = 0;
		};
/* End PBXShellScriptBuildPhase section */

/* Begin PBXSourcesBuildPhase section */
		AE3CDEC71CFD60880051ECA2 /* Sources */ = {
			isa = PBXSourcesBuildPhase;
			buildActionMask = 2147483647;
			files = (
				AECEB81C1D06B67900867ED8 /* TitleButton.m in Sources */,
				AE7BE90F1D07EDE400903F75 /* FadeAnimationController.m in Sources */,
				AECEB8181D06A77200867ED8 /* BaseViewController.m in Sources */,
				AE3CDF031CFFBC840051ECA2 /* LeftViewController.m in Sources */,
				AE7BE9131D080EAB00903F75 /* AffineAnimationController.m in Sources */,
				AEEAAC3A1D0ED47500B1CB3B /* ComplexAnimation.m in Sources */,
				AE1091111D05C1F40086CFC8 /* LeftViewCell+ItemConfigureForCell.m in Sources */,
				AE1091091D05B7C70086CFC8 /* ArrayDataSource.m in Sources */,
				AE3CDF101CFFD8920051ECA2 /* BaseNavigationController.m in Sources */,
				AE7BE9191D0819C100903F75 /* ViewController.m in Sources */,
				AE3CDED31CFD60880051ECA2 /* AppDelegate.m in Sources */,
				AE3CDF081CFFCDBC0051ECA2 /* CALayerViewController.m in Sources */,
				AEEAAC3E1D0ED8B400B1CB3B /* SaiZiBaseView.m in Sources */,
				AE3CDED01CFD60880051ECA2 /* main.m in Sources */,
				AEEAAC361D0D5A2200B1CB3B /* UIImage+ConnerRadousUIImage.m in Sources */,
				AE7BE90B1D07DEDA00903F75 /* GroupAnimationController.m in Sources */,
				AE10910D1D05BEEE0086CFC8 /* LeftViewCell.m in Sources */,
			);
			runOnlyForDeploymentPostprocessing = 0;
		};
		AE3CDEE01CFD60880051ECA2 /* Sources */ = {
			isa = PBXSourcesBuildPhase;
			buildActionMask = 2147483647;
			files = (
				AE3CDEE91CFD60880051ECA2 /* AnimationDomeTests.m in Sources */,
			);
			runOnlyForDeploymentPostprocessing = 0;
		};
		AE3CDEEB1CFD60880051ECA2 /* Sources */ = {
			isa = PBXSourcesBuildPhase;
			buildActionMask = 2147483647;
			files = (
				AE3CDEF41CFD60880051ECA2 /* AnimationDomeUITests.m in Sources */,
			);
			runOnlyForDeploymentPostprocessing = 0;
		};
/* End PBXSourcesBuildPhase section */

/* Begin PBXTargetDependency section */
		AE3CDEE61CFD60880051ECA2 /* PBXTargetDependency */ = {
			isa = PBXTargetDependency;
			target = AE3CDECA1CFD60880051ECA2 /* AnimationDome */;
			targetProxy = AE3CDEE51CFD60880051ECA2 /* PBXContainerItemProxy */;
		};
		AE3CDEF11CFD60880051ECA2 /* PBXTargetDependency */ = {
			isa = PBXTargetDependency;
			target = AE3CDECA1CFD60880051ECA2 /* AnimationDome */;
			targetProxy = AE3CDEF01CFD60880051ECA2 /* PBXContainerItemProxy */;
		};
/* End PBXTargetDependency section */

/* Begin PBXVariantGroup section */
		AE3CDED71CFD60880051ECA2 /* Main.storyboard */ = {
			isa = PBXVariantGroup;
			children = (
				AE3CDED81CFD60880051ECA2 /* Base */,
			);
			name = Main.storyboard;
			sourceTree = "<group>";
		};
		AE3CDEDC1CFD60880051ECA2 /* LaunchScreen.storyboard */ = {
			isa = PBXVariantGroup;
			children = (
				AE3CDEDD1CFD60880051ECA2 /* Base */,
			);
			name = LaunchScreen.storyboard;
			sourceTree = "<group>";
		};
/* End PBXVariantGroup section */

/* Begin XCBuildConfiguration section */
		AE3CDEF61CFD60880051ECA2 /* Debug */ = {
			isa = XCBuildConfiguration;
			buildSettings = {
				ALWAYS_SEARCH_USER_PATHS = NO;
				CLANG_CXX_LANGUAGE_STANDARD = "gnu++0x";
				CLANG_CXX_LIBRARY = "libc++";
				CLANG_ENABLE_MODULES = YES;
				CLANG_ENABLE_OBJC_ARC = YES;
				CLANG_WARN_BOOL_CONVERSION = YES;
				CLANG_WARN_CONSTANT_CONVERSION = YES;
				CLANG_WARN_DIRECT_OBJC_ISA_USAGE = YES_ERROR;
				CLANG_WARN_EMPTY_BODY = YES;
				CLANG_WARN_ENUM_CONVERSION = YES;
				CLANG_WARN_INT_CONVERSION = YES;
				CLANG_WARN_OBJC_ROOT_CLASS = YES_ERROR;
				CLANG_WARN_UNREACHABLE_CODE = YES;
				CLANG_WARN__DUPLICATE_METHOD_MATCH = YES;
				"CODE_SIGN_IDENTITY[sdk=iphoneos*]" = "iPhone Developer";
				COPY_PHASE_STRIP = NO;
				DEBUG_INFORMATION_FORMAT = dwarf;
				ENABLE_STRICT_OBJC_MSGSEND = YES;
				ENABLE_TESTABILITY = YES;
				GCC_C_LANGUAGE_STANDARD = gnu99;
				GCC_DYNAMIC_NO_PIC = NO;
				GCC_NO_COMMON_BLOCKS = YES;
				GCC_OPTIMIZATION_LEVEL = 0;
				GCC_PREPROCESSOR_DEFINITIONS = (
					"DEBUG=1",
					"$(inherited)",
				);
				GCC_WARN_64_TO_32_BIT_CONVERSION = YES;
				GCC_WARN_ABOUT_RETURN_TYPE = YES_ERROR;
				GCC_WARN_UNDECLARED_SELECTOR = YES;
				GCC_WARN_UNINITIALIZED_AUTOS = YES_AGGRESSIVE;
				GCC_WARN_UNUSED_FUNCTION = YES;
				GCC_WARN_UNUSED_VARIABLE = YES;
				IPHONEOS_DEPLOYMENT_TARGET = 9.2;
				MTL_ENABLE_DEBUG_INFO = YES;
				ONLY_ACTIVE_ARCH = YES;
				SDKROOT = iphoneos;
				TARGETED_DEVICE_FAMILY = "1,2";
			};
			name = Debug;
		};
		AE3CDEF71CFD60880051ECA2 /* Release */ = {
			isa = XCBuildConfiguration;
			buildSettings = {
				ALWAYS_SEARCH_USER_PATHS = NO;
				CLANG_CXX_LANGUAGE_STANDARD = "gnu++0x";
				CLANG_CXX_LIBRARY = "libc++";
				CLANG_ENABLE_MODULES = YES;
				CLANG_ENABLE_OBJC_ARC = YES;
				CLANG_WARN_BOOL_CONVERSION = YES;
				CLANG_WARN_CONSTANT_CONVERSION = YES;
				CLANG_WARN_DIRECT_OBJC_ISA_USAGE = YES_ERROR;
				CLANG_WARN_EMPTY_BODY = YES;
				CLANG_WARN_ENUM_CONVERSION = YES;
				CLANG_WARN_INT_CONVERSION = YES;
				CLANG_WARN_OBJC_ROOT_CLASS = YES_ERROR;
				CLANG_WARN_UNREACHABLE_CODE = YES;
				CLANG_WARN__DUPLICATE_METHOD_MATCH = YES;
				"CODE_SIGN_IDENTITY[sdk=iphoneos*]" = "iPhone Developer";
				COPY_PHASE_STRIP = NO;
				DEBUG_INFORMATION_FORMAT = "dwarf-with-dsym";
				ENABLE_NS_ASSERTIONS = NO;
				ENABLE_STRICT_OBJC_MSGSEND = YES;
				GCC_C_LANGUAGE_STANDARD = gnu99;
				GCC_NO_COMMON_BLOCKS = YES;
				GCC_WARN_64_TO_32_BIT_CONVERSION = YES;
				GCC_WARN_ABOUT_RETURN_TYPE = YES_ERROR;
				GCC_WARN_UNDECLARED_SELECTOR = YES;
				GCC_WARN_UNINITIALIZED_AUTOS = YES_AGGRESSIVE;
				GCC_WARN_UNUSED_FUNCTION = YES;
				GCC_WARN_UNUSED_VARIABLE = YES;
				IPHONEOS_DEPLOYMENT_TARGET = 9.2;
				MTL_ENABLE_DEBUG_INFO = NO;
				SDKROOT = iphoneos;
				TARGETED_DEVICE_FAMILY = "1,2";
				VALIDATE_PRODUCT = YES;
			};
			name = Release;
		};
		AE3CDEF91CFD60880051ECA2 /* Debug */ = {
			isa = XCBuildConfiguration;
			baseConfigurationReference = 826BAC2026B07F9F3956BE3B /* Pods-AnimationDome.debug.xcconfig */;
			buildSettings = {
				ASSETCATALOG_COMPILER_APPICON_NAME = AppIcon;
				INFOPLIST_FILE = AnimationDome/Info.plist;
				LD_RUNPATH_SEARCH_PATHS = "$(inherited) @executable_path/Frameworks";
				PRODUCT_BUNDLE_IDENTIFIER = com.xuehu.jack.AnimationDome;
				PRODUCT_NAME = "$(TARGET_NAME)";
			};
			name = Debug;
		};
		AE3CDEFA1CFD60880051ECA2 /* Release */ = {
			isa = XCBuildConfiguration;
			baseConfigurationReference = C12729BBB0FB1879BF79AAC6 /* Pods-AnimationDome.release.xcconfig */;
			buildSettings = {
				ASSETCATALOG_COMPILER_APPICON_NAME = AppIcon;
				INFOPLIST_FILE = AnimationDome/Info.plist;
				LD_RUNPATH_SEARCH_PATHS = "$(inherited) @executable_path/Frameworks";
				PRODUCT_BUNDLE_IDENTIFIER = com.xuehu.jack.AnimationDome;
				PRODUCT_NAME = "$(TARGET_NAME)";
			};
			name = Release;
		};
		AE3CDEFC1CFD60880051ECA2 /* Debug */ = {
			isa = XCBuildConfiguration;
			buildSettings = {
				BUNDLE_LOADER = "$(TEST_HOST)";
				INFOPLIST_FILE = AnimationDomeTests/Info.plist;
				LD_RUNPATH_SEARCH_PATHS = "$(inherited) @executable_path/Frameworks @loader_path/Frameworks";
				PRODUCT_BUNDLE_IDENTIFIER = com.xuehu.jack.AnimationDomeTests;
				PRODUCT_NAME = "$(TARGET_NAME)";
				TEST_HOST = "$(BUILT_PRODUCTS_DIR)/AnimationDome.app/AnimationDome";
			};
			name = Debug;
		};
		AE3CDEFD1CFD60880051ECA2 /* Release */ = {
			isa = XCBuildConfiguration;
			buildSettings = {
				BUNDLE_LOADER = "$(TEST_HOST)";
				INFOPLIST_FILE = AnimationDomeTests/Info.plist;
				LD_RUNPATH_SEARCH_PATHS = "$(inherited) @executable_path/Frameworks @loader_path/Frameworks";
				PRODUCT_BUNDLE_IDENTIFIER = com.xuehu.jack.AnimationDomeTests;
				PRODUCT_NAME = "$(TARGET_NAME)";
				TEST_HOST = "$(BUILT_PRODUCTS_DIR)/AnimationDome.app/AnimationDome";
			};
			name = Release;
		};
		AE3CDEFF1CFD60880051ECA2 /* Debug */ = {
			isa = XCBuildConfiguration;
			buildSettings = {
				INFOPLIST_FILE = AnimationDomeUITests/Info.plist;
				LD_RUNPATH_SEARCH_PATHS = "$(inherited) @executable_path/Frameworks @loader_path/Frameworks";
				PRODUCT_BUNDLE_IDENTIFIER = com.xuehu.jack.AnimationDomeUITests;
				PRODUCT_NAME = "$(TARGET_NAME)";
				TEST_TARGET_NAME = AnimationDome;
				USES_XCTRUNNER = YES;
			};
			name = Debug;
		};
		AE3CDF001CFD60880051ECA2 /* Release */ = {
			isa = XCBuildConfiguration;
			buildSettings = {
				INFOPLIST_FILE = AnimationDomeUITests/Info.plist;
				LD_RUNPATH_SEARCH_PATHS = "$(inherited) @executable_path/Frameworks @loader_path/Frameworks";
				PRODUCT_BUNDLE_IDENTIFIER = com.xuehu.jack.AnimationDomeUITests;
				PRODUCT_NAME = "$(TARGET_NAME)";
				TEST_TARGET_NAME = AnimationDome;
				USES_XCTRUNNER = YES;
			};
			name = Release;
		};
/* End XCBuildConfiguration section */

/* Begin XCConfigurationList section */
		AE3CDEC61CFD60880051ECA2 /* Build configuration list for PBXProject "AnimationDome" */ = {
			isa = XCConfigurationList;
			buildConfigurations = (
				AE3CDEF61CFD60880051ECA2 /* Debug */,
				AE3CDEF71CFD60880051ECA2 /* Release */,
			);
			defaultConfigurationIsVisible = 0;
			defaultConfigurationName = Release;
		};
		AE3CDEF81CFD60880051ECA2 /* Build configuration list for PBXNativeTarget "AnimationDome" */ = {
			isa = XCConfigurationList;
			buildConfigurations = (
				AE3CDEF91CFD60880051ECA2 /* Debug */,
				AE3CDEFA1CFD60880051ECA2 /* Release */,
			);
			defaultConfigurationIsVisible = 0;
			defaultConfigurationName = Release;
		};
		AE3CDEFB1CFD60880051ECA2 /* Build configuration list for PBXNativeTarget "AnimationDomeTests" */ = {
			isa = XCConfigurationList;
			buildConfigurations = (
				AE3CDEFC1CFD60880051ECA2 /* Debug */,
				AE3CDEFD1CFD60880051ECA2 /* Release */,
			);
			defaultConfigurationIsVisible = 0;
			defaultConfigurationName = Release;
		};
		AE3CDEFE1CFD60880051ECA2 /* Build configuration list for PBXNativeTarget "AnimationDomeUITests" */ = {
			isa = XCConfigurationList;
			buildConfigurations = (
				AE3CDEFF1CFD60880051ECA2 /* Debug */,
				AE3CDF001CFD60880051ECA2 /* Release */,
			);
			defaultConfigurationIsVisible = 0;
			defaultConfigurationName = Release;
		};
/* End XCConfigurationList section */
	};
	rootObject = AE3CDEC31CFD60880051ECA2 /* Project object */;
}
